
Microsoft Visual Studio Solution File, Format Version 12.00
# Visual Studio Version 17
VisualStudioVersion = 17.14.36310.24 d17.14
MinimumVisualStudioVersion = 10.0.40219.1
Project("{FAE04EC0-301F-11D3-BF4B-00C04F79EFBC}") = "Mosquitto", "Mosquitto\Mosquitto.csproj", "{49FD01E3-5D18-4323-9EB0-C835523020C0}"
EndProject
Global
	GlobalSection(SolutionConfigurationPlatforms) = preSolution
		Debug|Any CPU = Debug|Any CPU
		Release|Any CPU = Release|Any CPU
	EndGlobalSection
	GlobalSection(ProjectConfigurationPlatforms) = postSolution
		{49FD01E3-5D18-4323-9EB0-C835523020C0}.Debug|Any CPU.ActiveCfg = Debug|Any CPU
		{49FD01E3-5D18-4323-9EB0-C835523020C0}.Debug|Any CPU.Build.0 = Debug|Any CPU
		{49FD01E3-5D18-4323-9EB0-C835523020C0}.Release|Any CPU.ActiveCfg = Release|Any CPU
		{49FD01E3-5D18-4323-9EB0-C835523020C0}.Release|Any CPU.Build.0 = Release|Any CPU
	EndGlobalSection
	GlobalSection(SolutionProperties) = preSolution
		HideSolutionNode = FALSE
	EndGlobalSection
	GlobalSection(ExtensibilityGlobals) = postSolution
		SolutionGuid = {7B1F31DE-A423-45AC-820B-1D457B229DF6}
	EndGlobalSection
EndGlobal
